
Microsoft Visual Studio Solution File, Format Version 12.00
# Visual Studio 15
VisualStudioVersion = 15.0.28307.852
MinimumVisualStudioVersion = 10.0.40219.1
Project("{FAE04EC0-301F-11D3-BF4B-00C04F79EFBC}") = "GlobalWarmingGame", "GlobalWarmingGame\GlobalWarmingGame.csproj", "{D2255AB6-74C7-4BAD-AE65-1A9026996D23}"
EndProject
Project("{FAE04EC0-301F-11D3-BF4B-00C04F79EFBC}") = "Engine", "Engine\Engine\Engine.csproj", "{79C44EE6-EF3C-42D8-B5FE-FB430B668142}"
EndProject
Global
	GlobalSection(SolutionConfigurationPlatforms) = preSolution
		Debug|Any CPU = Debug|Any CPU
		Release|Any CPU = Release|Any CPU
	EndGlobalSection
	GlobalSection(ProjectConfigurationPlatforms) = postSolution
		{D2255AB6-74C7-4BAD-AE65-1A9026996D23}.Debug|Any CPU.ActiveCfg = Debug|Any CPU
		{D2255AB6-74C7-4BAD-AE65-1A9026996D23}.Debug|Any CPU.Build.0 = Debug|Any CPU
		{D2255AB6-74C7-4BAD-AE65-1A9026996D23}.Release|Any CPU.ActiveCfg = Release|Any CPU
		{D2255AB6-74C7-4BAD-AE65-1A9026996D23}.Release|Any CPU.Build.0 = Release|Any CPU
		{79C44EE6-EF3C-42D8-B5FE-FB430B668142}.Debug|Any CPU.ActiveCfg = Debug|Any CPU
		{79C44EE6-EF3C-42D8-B5FE-FB430B668142}.Debug|Any CPU.Build.0 = Debug|Any CPU
		{79C44EE6-EF3C-42D8-B5FE-FB430B668142}.Release|Any CPU.ActiveCfg = Release|Any CPU
		{79C44EE6-EF3C-42D8-B5FE-FB430B668142}.Release|Any CPU.Build.0 = Release|Any CPU
	EndGlobalSection
	GlobalSection(SolutionProperties) = preSolution
		HideSolutionNode = FALSE
	EndGlobalSection
	GlobalSection(ExtensibilityGlobals) = postSolution
		SolutionGuid = {1347BE3F-DFF6-446D-A81B-0ADC87C88956}
	EndGlobalSection
EndGlobal
